
Microsoft Visual Studio Solution File, Format Version 12.00
# Visual Studio Version 17
VisualStudioVersion = 17.5.33530.505
MinimumVisualStudioVersion = 10.0.40219.1
Project("{FAE04EC0-301F-11D3-BF4B-00C04F79EFBC}") = "ATMGO20MPOS", "ATMGO20MPOS.csproj", "{4C510037-F6A1-4635-8C08-A9DE5439CA24}"
EndProject
Global
	GlobalSection(SolutionConfigurationPlatforms) = preSolution
		Debug|Any CPU = Debug|Any CPU
		Release|Any CPU = Release|Any CPU
	EndGlobalSection
	GlobalSection(ProjectConfigurationPlatforms) = postSolution
		{4C510037-F6A1-4635-8C08-A9DE5439CA24}.Debug|Any CPU.ActiveCfg = Debug|Any CPU
		{4C510037-F6A1-4635-8C08-A9DE5439CA24}.Debug|Any CPU.Build.0 = Debug|Any CPU
		{4C510037-F6A1-4635-8C08-A9DE5439CA24}.Release|Any CPU.ActiveCfg = Release|Any CPU
		{4C510037-F6A1-4635-8C08-A9DE5439CA24}.Release|Any CPU.Build.0 = Release|Any CPU
	EndGlobalSection
	GlobalSection(SolutionProperties) = preSolution
		HideSolutionNode = FALSE
	EndGlobalSection
	GlobalSection(ExtensibilityGlobals) = postSolution
		SolutionGuid = {E476DE86-253F-4245-9848-678C3BFCD654}
	EndGlobalSection
EndGlobal
